
Microsoft Visual Studio Solution File, Format Version 12.00
# Visual Studio Version 17
VisualStudioVersion = 17.6.33829.357
MinimumVisualStudioVersion = 10.0.40219.1
Project("{9A19103F-16F7-4668-BE54-9A1E7A4F7556}") = "C#", "C#\C#.csproj", "{60884517-3761-478F-AE4F-827F0FEED461}"
EndProject
Project("{9A19103F-16F7-4668-BE54-9A1E7A4F7556}") = "CSharpNUnitTests", "CSharpNUnitTests\CSharpNUnitTests.csproj", "{C2A02344-5ED5-4E5C-B927-283F257022F8}"
EndProject
Project("{FAE04EC0-301F-11D3-BF4B-00C04F79EFBC}") = "CreatingAndUsingObjects", "CreatingAndUsingObjects\CreatingAndUsingObjects.csproj", "{9088F5A3-808B-4B34-8648-CF12DF73AC83}"
EndProject
Global
	GlobalSection(SolutionConfigurationPlatforms) = preSolution
		Debug|Any CPU = Debug|Any CPU
		Release|Any CPU = Release|Any CPU
	EndGlobalSection
	GlobalSection(ProjectConfigurationPlatforms) = postSolution
		{60884517-3761-478F-AE4F-827F0FEED461}.Debug|Any CPU.ActiveCfg = Debug|Any CPU
		{60884517-3761-478F-AE4F-827F0FEED461}.Debug|Any CPU.Build.0 = Debug|Any CPU
		{60884517-3761-478F-AE4F-827F0FEED461}.Release|Any CPU.ActiveCfg = Release|Any CPU
		{60884517-3761-478F-AE4F-827F0FEED461}.Release|Any CPU.Build.0 = Release|Any CPU
		{C2A02344-5ED5-4E5C-B927-283F257022F8}.Debug|Any CPU.ActiveCfg = Debug|Any CPU
		{C2A02344-5ED5-4E5C-B927-283F257022F8}.Debug|Any CPU.Build.0 = Debug|Any CPU
		{C2A02344-5ED5-4E5C-B927-283F257022F8}.Release|Any CPU.ActiveCfg = Release|Any CPU
		{C2A02344-5ED5-4E5C-B927-283F257022F8}.Release|Any CPU.Build.0 = Release|Any CPU
		{9088F5A3-808B-4B34-8648-CF12DF73AC83}.Debug|Any CPU.ActiveCfg = Debug|Any CPU
		{9088F5A3-808B-4B34-8648-CF12DF73AC83}.Debug|Any CPU.Build.0 = Debug|Any CPU
		{9088F5A3-808B-4B34-8648-CF12DF73AC83}.Release|Any CPU.ActiveCfg = Release|Any CPU
		{9088F5A3-808B-4B34-8648-CF12DF73AC83}.Release|Any CPU.Build.0 = Release|Any CPU
	EndGlobalSection
	GlobalSection(SolutionProperties) = preSolution
		HideSolutionNode = FALSE
	EndGlobalSection
	GlobalSection(ExtensibilityGlobals) = postSolution
		SolutionGuid = {F5217965-359F-4A18-AADD-73222F728078}
	EndGlobalSection
EndGlobal
